
Microsoft Visual Studio Solution File, Format Version 12.00
# Visual Studio 15
VisualStudioVersion = 15.0.28010.2036
MinimumVisualStudioVersion = 10.0.40219.1
Project("{2150E333-8FDC-42A3-9474-1A3956D46DE8}") = "Shared", "Shared", "{97C3CD78-3B5B-42BD-BB5C-9E6F5FA8E1E7}"
EndProject
Project("{2150E333-8FDC-42A3-9474-1A3956D46DE8}") = "Services", "Services", "{FA519CD8-7CE9-4D6A-A6FD-86262C0D0134}"
EndProject
Project("{2150E333-8FDC-42A3-9474-1A3956D46DE8}") = "ApiGateways", "ApiGateways", "{B904477C-20A4-45F8-BE05-E03CBCA98974}"
EndProject
Project("{9A19103F-16F7-4668-BE54-9A1E7A4F7556}") = "BigCommerce.DM.API", "ApiGateway\BigCommerce.DM.API\BigCommerce.DM.API.csproj", "{471AA800-6232-45C0-8E6A-95D447919D9D}"
EndProject
Project("{9A19103F-16F7-4668-BE54-9A1E7A4F7556}") = "Api.Extensions", "Shared\Api.Extensions\Api.Extensions.csproj", "{CFE295B9-F2B7-4125-AEB1-9D99EE70F43F}"
EndProject
Project("{9A19103F-16F7-4668-BE54-9A1E7A4F7556}") = "DMService.BigCommerce", "Services\DMService.BigCommerce\DMService.BigCommerce.csproj", "{37CC80CB-0B1D-474E-9C0B-831F2317BE0F}"
EndProject
Project("{9A19103F-16F7-4668-BE54-9A1E7A4F7556}") = "DMService.Neto", "Services\DMService.Neto\DMService.Neto.csproj", "{1E516093-B00D-4657-8E8A-9D894056E2E6}"
EndProject
Project("{9A19103F-16F7-4668-BE54-9A1E7A4F7556}") = "Service.Abstractions", "Shared\Service.Abstractions\Service.Abstractions.csproj", "{0BBA6E68-AE0E-4428-9355-BD5A8B87E726}"
EndProject
Project("{2150E333-8FDC-42A3-9474-1A3956D46DE8}") = "BigCommerce", "BigCommerce", "{F860245E-93F6-461D-A9B1-C73F688EDAAA}"
EndProject
Project("{2150E333-8FDC-42A3-9474-1A3956D46DE8}") = "Neto", "Neto", "{D946B544-8D53-4A5B-AF0D-0E65DAEBC8F4}"
EndProject
Project("{9A19103F-16F7-4668-BE54-9A1E7A4F7556}") = "DMEntity.BigCommerce", "Services\DMEntity.BigCommerce\DMEntity.BigCommerce.csproj", "{C6EF256B-E03E-466B-80D8-3947C7236761}"
EndProject
Project("{9A19103F-16F7-4668-BE54-9A1E7A4F7556}") = "DMEntity.Neto", "Services\DMEntity.Neto\DMEntity.Neto.csproj", "{4D9B25B7-5F60-40A2-9F30-ED4E9EF76028}"
EndProject
Project("{9A19103F-16F7-4668-BE54-9A1E7A4F7556}") = "Magento.DM.API", "ApiGateway\Magento.DM.API\Magento.DM.API.csproj", "{46147A37-A500-4838-859D-07730F69323B}"
EndProject
Project("{2150E333-8FDC-42A3-9474-1A3956D46DE8}") = "Magento", "Magento", "{6D1416BE-F4B0-4BF1-8B1C-060A8E8FB0E7}"
EndProject
Project("{9A19103F-16F7-4668-BE54-9A1E7A4F7556}") = "DMService.Magento", "Services\DMService.Magento\DMService.Magento.csproj", "{14C71589-82C9-425C-8E73-8137C621B5C6}"
EndProject
Project("{9A19103F-16F7-4668-BE54-9A1E7A4F7556}") = "Magento.RestApi.NetCore", "Services\Magento.RestApi.NetCore\Magento.RestApi.NetCore.csproj", "{7B50FC91-2512-41E3-8499-ED9010325B72}"
EndProject
Project("{9A19103F-16F7-4668-BE54-9A1E7A4F7556}") = "Shopify.DM.API", "ApiGateway\Shopify.DM.API\Shopify.DM.API.csproj", "{4553BD80-20A7-4AF3-8179-ECF0A0AD959A}"
EndProject
Project("{2150E333-8FDC-42A3-9474-1A3956D46DE8}") = "Shopify", "Shopify", "{5C0A3F71-7C54-4390-BFFD-0669DEF530AD}"
EndProject
Project("{9A19103F-16F7-4668-BE54-9A1E7A4F7556}") = "DMEntity.Shopify", "Services\DMEntity.Shopify\DMEntity.Shopify.csproj", "{E54401CE-1D90-464C-9B06-5E599669331A}"
EndProject
Project("{9A19103F-16F7-4668-BE54-9A1E7A4F7556}") = "DMService.Shopify", "Services\DMService.Shopify\DMService.Shopify.csproj", "{C46E1B44-DB4E-4353-B475-4F44F238C674}"
EndProject
Project("{9A19103F-16F7-4668-BE54-9A1E7A4F7556}") = "WooCommerce.DM.API", "ApiGateway\WooCommerce.DM.API\WooCommerce.DM.API.csproj", "{909F3CD6-7D7C-45D3-BE26-3E2B085246D3}"
EndProject
Project("{2150E333-8FDC-42A3-9474-1A3956D46DE8}") = "WooCommerce", "WooCommerce", "{57A4D7EF-6B2D-4FE4-A71F-110B7B4400EB}"
EndProject
Project("{9A19103F-16F7-4668-BE54-9A1E7A4F7556}") = "DMService.WooCommerce", "Services\DMService.WooCommerce\DMService.WooCommerce.csproj", "{40722DB6-7333-43D1-919D-29952F7A7383}"
EndProject
Project("{FAE04EC0-301F-11D3-BF4B-00C04F79EFBC}") = "WooCommerce.RestApi.NetCore", "Services\WooCommerce.RestApi.NetCore\WooCommerce.RestApi.NetCore.csproj", "{70EA18B7-7D1C-4EAF-AADB-89E466FC2FC1}"
EndProject
Global
	GlobalSection(SolutionConfigurationPlatforms) = preSolution
		Debug|Any CPU = Debug|Any CPU
		Release|Any CPU = Release|Any CPU
	EndGlobalSection
	GlobalSection(ProjectConfigurationPlatforms) = postSolution
		{471AA800-6232-45C0-8E6A-95D447919D9D}.Debug|Any CPU.ActiveCfg = Debug|Any CPU
		{471AA800-6232-45C0-8E6A-95D447919D9D}.Debug|Any CPU.Build.0 = Debug|Any CPU
		{471AA800-6232-45C0-8E6A-95D447919D9D}.Release|Any CPU.ActiveCfg = Release|Any CPU
		{471AA800-6232-45C0-8E6A-95D447919D9D}.Release|Any CPU.Build.0 = Release|Any CPU
		{CFE295B9-F2B7-4125-AEB1-9D99EE70F43F}.Debug|Any CPU.ActiveCfg = Debug|Any CPU
		{CFE295B9-F2B7-4125-AEB1-9D99EE70F43F}.Debug|Any CPU.Build.0 = Debug|Any CPU
		{CFE295B9-F2B7-4125-AEB1-9D99EE70F43F}.Release|Any CPU.ActiveCfg = Release|Any CPU
		{CFE295B9-F2B7-4125-AEB1-9D99EE70F43F}.Release|Any CPU.Build.0 = Release|Any CPU
		{37CC80CB-0B1D-474E-9C0B-831F2317BE0F}.Debug|Any CPU.ActiveCfg = Debug|Any CPU
		{37CC80CB-0B1D-474E-9C0B-831F2317BE0F}.Debug|Any CPU.Build.0 = Debug|Any CPU
		{37CC80CB-0B1D-474E-9C0B-831F2317BE0F}.Release|Any CPU.ActiveCfg = Release|Any CPU
		{37CC80CB-0B1D-474E-9C0B-831F2317BE0F}.Release|Any CPU.Build.0 = Release|Any CPU
		{1E516093-B00D-4657-8E8A-9D894056E2E6}.Debug|Any CPU.ActiveCfg = Debug|Any CPU
		{1E516093-B00D-4657-8E8A-9D894056E2E6}.Debug|Any CPU.Build.0 = Debug|Any CPU
		{1E516093-B00D-4657-8E8A-9D894056E2E6}.Release|Any CPU.ActiveCfg = Release|Any CPU
		{1E516093-B00D-4657-8E8A-9D894056E2E6}.Release|Any CPU.Build.0 = Release|Any CPU
		{0BBA6E68-AE0E-4428-9355-BD5A8B87E726}.Debug|Any CPU.ActiveCfg = Debug|Any CPU
		{0BBA6E68-AE0E-4428-9355-BD5A8B87E726}.Debug|Any CPU.Build.0 = Debug|Any CPU
		{0BBA6E68-AE0E-4428-9355-BD5A8B87E726}.Release|Any CPU.ActiveCfg = Release|Any CPU
		{0BBA6E68-AE0E-4428-9355-BD5A8B87E726}.Release|Any CPU.Build.0 = Release|Any CPU
		{C6EF256B-E03E-466B-80D8-3947C7236761}.Debug|Any CPU.ActiveCfg = Debug|Any CPU
		{C6EF256B-E03E-466B-80D8-3947C7236761}.Debug|Any CPU.Build.0 = Debug|Any CPU
		{C6EF256B-E03E-466B-80D8-3947C7236761}.Release|Any CPU.ActiveCfg = Release|Any CPU
		{C6EF256B-E03E-466B-80D8-3947C7236761}.Release|Any CPU.Build.0 = Release|Any CPU
		{4D9B25B7-5F60-40A2-9F30-ED4E9EF76028}.Debug|Any CPU.ActiveCfg = Debug|Any CPU
		{4D9B25B7-5F60-40A2-9F30-ED4E9EF76028}.Debug|Any CPU.Build.0 = Debug|Any CPU
		{4D9B25B7-5F60-40A2-9F30-ED4E9EF76028}.Release|Any CPU.ActiveCfg = Release|Any CPU
		{4D9B25B7-5F60-40A2-9F30-ED4E9EF76028}.Release|Any CPU.Build.0 = Release|Any CPU
		{46147A37-A500-4838-859D-07730F69323B}.Debug|Any CPU.ActiveCfg = Debug|Any CPU
		{46147A37-A500-4838-859D-07730F69323B}.Debug|Any CPU.Build.0 = Debug|Any CPU
		{46147A37-A500-4838-859D-07730F69323B}.Release|Any CPU.ActiveCfg = Release|Any CPU
		{46147A37-A500-4838-859D-07730F69323B}.Release|Any CPU.Build.0 = Release|Any CPU
		{14C71589-82C9-425C-8E73-8137C621B5C6}.Debug|Any CPU.ActiveCfg = Debug|Any CPU
		{14C71589-82C9-425C-8E73-8137C621B5C6}.Debug|Any CPU.Build.0 = Debug|Any CPU
		{14C71589-82C9-425C-8E73-8137C621B5C6}.Release|Any CPU.ActiveCfg = Release|Any CPU
		{14C71589-82C9-425C-8E73-8137C621B5C6}.Release|Any CPU.Build.0 = Release|Any CPU
		{7B50FC91-2512-41E3-8499-ED9010325B72}.Debug|Any CPU.ActiveCfg = Debug|Any CPU
		{7B50FC91-2512-41E3-8499-ED9010325B72}.Debug|Any CPU.Build.0 = Debug|Any CPU
		{7B50FC91-2512-41E3-8499-ED9010325B72}.Release|Any CPU.ActiveCfg = Release|Any CPU
		{7B50FC91-2512-41E3-8499-ED9010325B72}.Release|Any CPU.Build.0 = Release|Any CPU
		{4553BD80-20A7-4AF3-8179-ECF0A0AD959A}.Debug|Any CPU.ActiveCfg = Debug|Any CPU
		{4553BD80-20A7-4AF3-8179-ECF0A0AD959A}.Debug|Any CPU.Build.0 = Debug|Any CPU
		{4553BD80-20A7-4AF3-8179-ECF0A0AD959A}.Release|Any CPU.ActiveCfg = Release|Any CPU
		{4553BD80-20A7-4AF3-8179-ECF0A0AD959A}.Release|Any CPU.Build.0 = Release|Any CPU
		{E54401CE-1D90-464C-9B06-5E599669331A}.Debug|Any CPU.ActiveCfg = Debug|Any CPU
		{E54401CE-1D90-464C-9B06-5E599669331A}.Debug|Any CPU.Build.0 = Debug|Any CPU
		{E54401CE-1D90-464C-9B06-5E599669331A}.Release|Any CPU.ActiveCfg = Release|Any CPU
		{E54401CE-1D90-464C-9B06-5E599669331A}.Release|Any CPU.Build.0 = Release|Any CPU
		{C46E1B44-DB4E-4353-B475-4F44F238C674}.Debug|Any CPU.ActiveCfg = Debug|Any CPU
		{C46E1B44-DB4E-4353-B475-4F44F238C674}.Debug|Any CPU.Build.0 = Debug|Any CPU
		{C46E1B44-DB4E-4353-B475-4F44F238C674}.Release|Any CPU.ActiveCfg = Release|Any CPU
		{C46E1B44-DB4E-4353-B475-4F44F238C674}.Release|Any CPU.Build.0 = Release|Any CPU
		{909F3CD6-7D7C-45D3-BE26-3E2B085246D3}.Debug|Any CPU.ActiveCfg = Debug|Any CPU
		{909F3CD6-7D7C-45D3-BE26-3E2B085246D3}.Debug|Any CPU.Build.0 = Debug|Any CPU
		{909F3CD6-7D7C-45D3-BE26-3E2B085246D3}.Release|Any CPU.ActiveCfg = Release|Any CPU
		{909F3CD6-7D7C-45D3-BE26-3E2B085246D3}.Release|Any CPU.Build.0 = Release|Any CPU
		{40722DB6-7333-43D1-919D-29952F7A7383}.Debug|Any CPU.ActiveCfg = Debug|Any CPU
		{40722DB6-7333-43D1-919D-29952F7A7383}.Debug|Any CPU.Build.0 = Debug|Any CPU
		{40722DB6-7333-43D1-919D-29952F7A7383}.Release|Any CPU.ActiveCfg = Release|Any CPU
		{40722DB6-7333-43D1-919D-29952F7A7383}.Release|Any CPU.Build.0 = Release|Any CPU
		{70EA18B7-7D1C-4EAF-AADB-89E466FC2FC1}.Debug|Any CPU.ActiveCfg = Debug|Any CPU
		{70EA18B7-7D1C-4EAF-AADB-89E466FC2FC1}.Debug|Any CPU.Build.0 = Debug|Any CPU
		{70EA18B7-7D1C-4EAF-AADB-89E466FC2FC1}.Release|Any CPU.ActiveCfg = Release|Any CPU
		{70EA18B7-7D1C-4EAF-AADB-89E466FC2FC1}.Release|Any CPU.Build.0 = Release|Any CPU
	EndGlobalSection
	GlobalSection(SolutionProperties) = preSolution
		HideSolutionNode = FALSE
	EndGlobalSection
	GlobalSection(NestedProjects) = preSolution
		{471AA800-6232-45C0-8E6A-95D447919D9D} = {B904477C-20A4-45F8-BE05-E03CBCA98974}
		{CFE295B9-F2B7-4125-AEB1-9D99EE70F43F} = {97C3CD78-3B5B-42BD-BB5C-9E6F5FA8E1E7}
		{37CC80CB-0B1D-474E-9C0B-831F2317BE0F} = {F860245E-93F6-461D-A9B1-C73F688EDAAA}
		{1E516093-B00D-4657-8E8A-9D894056E2E6} = {D946B544-8D53-4A5B-AF0D-0E65DAEBC8F4}
		{0BBA6E68-AE0E-4428-9355-BD5A8B87E726} = {97C3CD78-3B5B-42BD-BB5C-9E6F5FA8E1E7}
		{F860245E-93F6-461D-A9B1-C73F688EDAAA} = {FA519CD8-7CE9-4D6A-A6FD-86262C0D0134}
		{D946B544-8D53-4A5B-AF0D-0E65DAEBC8F4} = {FA519CD8-7CE9-4D6A-A6FD-86262C0D0134}
		{C6EF256B-E03E-466B-80D8-3947C7236761} = {F860245E-93F6-461D-A9B1-C73F688EDAAA}
		{4D9B25B7-5F60-40A2-9F30-ED4E9EF76028} = {D946B544-8D53-4A5B-AF0D-0E65DAEBC8F4}
		{46147A37-A500-4838-859D-07730F69323B} = {B904477C-20A4-45F8-BE05-E03CBCA98974}
		{6D1416BE-F4B0-4BF1-8B1C-060A8E8FB0E7} = {FA519CD8-7CE9-4D6A-A6FD-86262C0D0134}
		{14C71589-82C9-425C-8E73-8137C621B5C6} = {6D1416BE-F4B0-4BF1-8B1C-060A8E8FB0E7}
		{7B50FC91-2512-41E3-8499-ED9010325B72} = {6D1416BE-F4B0-4BF1-8B1C-060A8E8FB0E7}
		{4553BD80-20A7-4AF3-8179-ECF0A0AD959A} = {B904477C-20A4-45F8-BE05-E03CBCA98974}
		{5C0A3F71-7C54-4390-BFFD-0669DEF530AD} = {FA519CD8-7CE9-4D6A-A6FD-86262C0D0134}
		{E54401CE-1D90-464C-9B06-5E599669331A} = {5C0A3F71-7C54-4390-BFFD-0669DEF530AD}
		{C46E1B44-DB4E-4353-B475-4F44F238C674} = {5C0A3F71-7C54-4390-BFFD-0669DEF530AD}
		{909F3CD6-7D7C-45D3-BE26-3E2B085246D3} = {B904477C-20A4-45F8-BE05-E03CBCA98974}
		{57A4D7EF-6B2D-4FE4-A71F-110B7B4400EB} = {FA519CD8-7CE9-4D6A-A6FD-86262C0D0134}
		{40722DB6-7333-43D1-919D-29952F7A7383} = {57A4D7EF-6B2D-4FE4-A71F-110B7B4400EB}
		{70EA18B7-7D1C-4EAF-AADB-89E466FC2FC1} = {57A4D7EF-6B2D-4FE4-A71F-110B7B4400EB}
	EndGlobalSection
	GlobalSection(ExtensibilityGlobals) = postSolution
		SolutionGuid = {515A7049-49AC-43E7-A3BF-494DD70F2760}
	EndGlobalSection
EndGlobal
